{
  "name": "rippled-ws-client-sign",
  "version": "0.2.0",
  "lockfileVersion": 1,
  "requires": true,
  "dependencies": {
    "@types/lodash": {
      "version": "4.14.150",
      "resolved": "https://registry.npmjs.org/@types/lodash/-/lodash-4.14.150.tgz",
      "integrity": "sha512-kMNLM5JBcasgYscD9x/Gvr6lTAv2NVgsKtet/hm93qMyf/D1pt+7jeEZklKJKxMVmXjxbRVQQGfqDSfipYCO6w=="
    },
    "@types/node": {
      "version": "13.13.5",
      "resolved": "https://registry.npmjs.org/@types/node/-/node-13.13.5.tgz",
      "integrity": "sha512-3ySmiBYJPqgjiHA7oEaIo2Rzz0HrOZ7yrNO5HWyaE5q0lQ3BppDZ3N53Miz8bw2I7gh1/zir2MGVZBvpb1zq9g=="
    },
    "@types/ws": {
      "version": "7.2.4",
      "resolved": "https://registry.npmjs.org/@types/ws/-/ws-7.2.4.tgz",
      "integrity": "sha512-9S6Ask71vujkVyeEXKxjBSUV8ZUB0mjL5la4IncBoheu04bDaYyUKErh1BQcY9+WzOUOiKqz/OnpJHYckbMfNg==",
      "requires": {
        "@types/node": "*"
      }
    },
    "agent-base": {
      "version": "6.0.0",
      "resolved": "https://registry.npmjs.org/agent-base/-/agent-base-6.0.0.tgz",
      "integrity": "sha512-j1Q7cSCqN+AwrmDd+pzgqc0/NpC655x2bUf5ZjRIO77DcNBFmh+OgRNzF6OKdCC9RSCb19fGd99+bhXFdkRNqw==",
      "requires": {
        "debug": "4"
      }
    },
    "babel-runtime": {
      "version": "6.26.0",
      "resolved": "https://registry.npmjs.org/babel-runtime/-/babel-runtime-6.26.0.tgz",
      "integrity": "sha1-llxwWGaOgrVde/4E/yM3vItWR/4=",
      "requires": {
        "core-js": "^2.4.0",
        "regenerator-runtime": "^0.11.0"
      }
    },
    "base-x": {
      "version": "1.1.0",
      "resolved": "https://registry.npmjs.org/base-x/-/base-x-1.1.0.tgz",
      "integrity": "sha1-QtPXF0dPnqAiB/bRqh9CaRPut6w="
    },
    "bignumber.js": {
      "version": "4.1.0",
      "resolved": "https://registry.npmjs.org/bignumber.js/-/bignumber.js-4.1.0.tgz",
      "integrity": "sha512-eJzYkFYy9L4JzXsbymsFn3p54D+llV27oTQ+ziJG7WFRheJcNZilgVXMG0LoZtlQSKBsJdWtLFqOD0u+U0jZKA=="
    },
    "bn.js": {
      "version": "4.11.9",
      "resolved": "https://registry.npmjs.org/bn.js/-/bn.js-4.11.9.tgz",
      "integrity": "sha512-E6QoYqCKZfgatHTdHzs1RRKP7ip4vvm+EyRUeE2RF0NblwVvb0p6jSVeNTOFxPn26QXN2o6SMfNxKp6kU8zQaw=="
    },
    "brorand": {
      "version": "1.1.0",
      "resolved": "https://registry.npmjs.org/brorand/-/brorand-1.1.0.tgz",
      "integrity": "sha1-EsJe/kCkXjwyPrhnWgoM5XsiNx8="
    },
    "cipher-base": {
      "version": "1.0.4",
      "resolved": "https://registry.npmjs.org/cipher-base/-/cipher-base-1.0.4.tgz",
      "integrity": "sha512-Kkht5ye6ZGmwv40uUDZztayT2ThLQGfnj/T71N/XzeZeo3nf8foyW7zGTsPYkEya3m5f3cAypH+qe7YOrM1U2Q==",
      "requires": {
        "inherits": "^2.0.1",
        "safe-buffer": "^5.0.1"
      }
    },
    "core-js": {
      "version": "2.5.7",
      "resolved": "https://registry.npmjs.org/core-js/-/core-js-2.5.7.tgz",
      "integrity": "sha512-RszJCAxg/PP6uzXVXL6BsxSXx/B05oJAQ2vkJRjyjrEcNVycaqOmNb5OTxZPE3xa5gwZduqza6L9JOCenh/Ecw=="
    },
    "create-hash": {
      "version": "1.1.3",
      "resolved": "https://registry.npmjs.org/create-hash/-/create-hash-1.1.3.tgz",
      "integrity": "sha1-YGBCrIuSYnUPSDyt2rD1gZFy2P0=",
      "requires": {
        "cipher-base": "^1.0.1",
        "inherits": "^2.0.1",
        "ripemd160": "^2.0.0",
        "sha.js": "^2.4.0"
      }
    },
    "d": {
      "version": "1.0.1",
      "resolved": "https://registry.npmjs.org/d/-/d-1.0.1.tgz",
      "integrity": "sha512-m62ShEObQ39CfralilEQRjH6oAMtNCV1xJyEx5LpRYUVN+EviphDgUc/F3hnYbADmkiNs67Y+3ylmlG7Lnu+FA==",
      "dev": true,
      "requires": {
        "es5-ext": "^0.10.50",
        "type": "^1.0.1"
      }
    },
    "debug": {
      "version": "4.1.1",
      "resolved": "https://registry.npmjs.org/debug/-/debug-4.1.1.tgz",
      "integrity": "sha512-pYAIzeRo8J6KPEaJ0VWOh5Pzkbw/RetuzehGM7QRRX5he4fPHx2rdKMB256ehJCkX+XRQm16eZLqLNS8RSZXZw==",
      "requires": {
        "ms": "^2.1.1"
      }
    },
    "decimal.js": {
      "version": "10.2.0",
      "resolved": "https://registry.npmjs.org/decimal.js/-/decimal.js-10.2.0.tgz",
      "integrity": "sha512-vDPw+rDgn3bZe1+F/pyEwb1oMG2XTlRVgAa6B4KccTEpYgF8w6eQllVbQcfIJnZyvzFtFpxnpGtx8dd7DJp/Rw=="
    },
    "elliptic": {
      "version": "6.5.3",
      "resolved": "https://registry.npmjs.org/elliptic/-/elliptic-6.5.3.tgz",
      "integrity": "sha512-IMqzv5wNQf+E6aHeIqATs0tOLeOTwj1QKbRcS3jBbYkl5oLAserA8yJTT7/VyHUYG91PRmPyeQDObKLPpeS4dw==",
      "requires": {
        "bn.js": "^4.4.0",
        "brorand": "^1.0.1",
        "hash.js": "^1.0.0",
        "hmac-drbg": "^1.0.0",
        "inherits": "^2.0.1",
        "minimalistic-assert": "^1.0.0",
        "minimalistic-crypto-utils": "^1.0.0"
      }
    },
    "es5-ext": {
      "version": "0.10.53",
      "resolved": "https://registry.npmjs.org/es5-ext/-/es5-ext-0.10.53.tgz",
      "integrity": "sha512-Xs2Stw6NiNHWypzRTY1MtaG/uJlwCk8kH81920ma8mvN8Xq1gsfhZvpkImLQArw8AHnv8MT2I45J3c0R8slE+Q==",
      "dev": true,
      "requires": {
        "es6-iterator": "~2.0.3",
        "es6-symbol": "~3.1.3",
        "next-tick": "~1.0.0"
      }
    },
    "es6-iterator": {
      "version": "2.0.3",
      "resolved": "https://registry.npmjs.org/es6-iterator/-/es6-iterator-2.0.3.tgz",
      "integrity": "sha1-p96IkUGgWpSwhUQDstCg+/qY87c=",
      "dev": true,
      "requires": {
        "d": "1",
        "es5-ext": "^0.10.35",
        "es6-symbol": "^3.1.1"
      }
    },
    "es6-symbol": {
      "version": "3.1.3",
      "resolved": "https://registry.npmjs.org/es6-symbol/-/es6-symbol-3.1.3.tgz",
      "integrity": "sha512-NJ6Yn3FuDinBaBRWl/q5X/s4koRHBrgKAu+yGI6JCBeiu3qrcbJhwT2GeR/EXVfylRk8dpQVJoLEFhK+Mu31NA==",
      "dev": true,
      "requires": {
        "d": "^1.0.1",
        "ext": "^1.1.2"
      }
    },
    "ext": {
      "version": "1.4.0",
      "resolved": "https://registry.npmjs.org/ext/-/ext-1.4.0.tgz",
      "integrity": "sha512-Key5NIsUxdqKg3vIsdw9dSuXpPCQ297y6wBjL30edxwPgt2E44WcWBZey/ZvUc6sERLTxKdyCu4gZFmUbk1Q7A==",
      "dev": true,
      "requires": {
        "type": "^2.0.0"
      },
      "dependencies": {
        "type": {
          "version": "2.0.0",
          "resolved": "https://registry.npmjs.org/type/-/type-2.0.0.tgz",
          "integrity": "sha512-KBt58xCHry4Cejnc2ISQAF7QY+ORngsWfxezO68+12hKV6lQY8P/psIkcbjeHWn7MqcgciWJyCCevFMJdIXpow==",
          "dev": true
        }
      }
    },
    "hash-base": {
      "version": "2.0.2",
      "resolved": "https://registry.npmjs.org/hash-base/-/hash-base-2.0.2.tgz",
      "integrity": "sha1-ZuodhW206KVHDK32/OI65SRO8uE=",
      "requires": {
        "inherits": "^2.0.1"
      }
    },
    "hash.js": {
      "version": "1.1.3",
      "resolved": "https://registry.npmjs.org/hash.js/-/hash.js-1.1.3.tgz",
      "integrity": "sha512-/UETyP0W22QILqS+6HowevwhEFJ3MBJnwTf75Qob9Wz9t0DPuisL8kW8YZMK62dHAKE1c1p+gY1TtOLY+USEHA==",
      "requires": {
        "inherits": "^2.0.3",
        "minimalistic-assert": "^1.0.0"
      }
    },
    "hmac-drbg": {
      "version": "1.0.1",
      "resolved": "https://registry.npmjs.org/hmac-drbg/-/hmac-drbg-1.0.1.tgz",
      "integrity": "sha1-0nRXAQJabHdabFRXk+1QL8DGSaE=",
      "requires": {
        "hash.js": "^1.0.3",
        "minimalistic-assert": "^1.0.0",
        "minimalistic-crypto-utils": "^1.0.1"
      }
    },
    "https-proxy-agent": {
      "version": "5.0.0",
      "resolved": "https://registry.npmjs.org/https-proxy-agent/-/https-proxy-agent-5.0.0.tgz",
      "integrity": "sha512-EkYm5BcKUGiduxzSt3Eppko+PiNWNEpa4ySk9vTC6wDsQJW9rHSa+UhGNJoRYp7bz6Ht1eaRIa6QaJqO5rCFbA==",
      "requires": {
        "agent-base": "6",
        "debug": "4"
      }
    },
    "inherits": {
      "version": "2.0.3",
      "resolved": "https://registry.npmjs.org/inherits/-/inherits-2.0.3.tgz",
      "integrity": "sha1-Yzwsg+PaQqUC9SRmAiSA9CCCYd4="
    },
    "is-typedarray": {
      "version": "1.0.0",
      "resolved": "https://registry.npmjs.org/is-typedarray/-/is-typedarray-1.0.0.tgz",
      "integrity": "sha1-5HnICFjfDBsR3dppQPlgEfzaSpo=",
      "dev": true
    },
    "jsonschema": {
      "version": "1.2.2",
      "resolved": "https://registry.npmjs.org/jsonschema/-/jsonschema-1.2.2.tgz",
      "integrity": "sha512-iX5OFQ6yx9NgbHCwse51ohhKgLuLL7Z5cNOeZOPIlDUtAMrxlruHLzVZxbltdHE5mEDXN+75oFOwq6Gn0MZwsA=="
    },
    "lodash": {
      "version": "4.17.15",
      "resolved": "https://registry.npmjs.org/lodash/-/lodash-4.17.15.tgz",
      "integrity": "sha512-8xOcRHvCjnocdS5cpwXQXVzmmh5e5+saE2QGoeQmbKmRS6J3VQppPOIt0MnmE+4xlZoumy0GPG0D0MVIQbNA1A=="
    },
    "lodash.isequal": {
      "version": "4.5.0",
      "resolved": "https://registry.npmjs.org/lodash.isequal/-/lodash.isequal-4.5.0.tgz",
      "integrity": "sha1-QVxEePK8wwEgwizhDtMib30+GOA="
    },
    "minimalistic-assert": {
      "version": "1.0.0",
      "resolved": "https://registry.npmjs.org/minimalistic-assert/-/minimalistic-assert-1.0.0.tgz",
      "integrity": "sha1-cCvi3aazf0g2vLP121ZkG2Sh09M="
    },
    "minimalistic-crypto-utils": {
      "version": "1.0.1",
      "resolved": "https://registry.npmjs.org/minimalistic-crypto-utils/-/minimalistic-crypto-utils-1.0.1.tgz",
      "integrity": "sha1-9sAMHAsIIkblxNmd+4x8CDsrWCo="
    },
    "ms": {
      "version": "2.1.2",
      "resolved": "https://registry.npmjs.org/ms/-/ms-2.1.2.tgz",
      "integrity": "sha512-sGkPx+VjMtmA6MX27oA4FBFELFCZZ4S4XqeGOXCv68tT+jb3vk/RyaKWP0PTKyWtmLSM0b+adUTEvbs1PEaH2w=="
    },
    "nan": {
      "version": "2.14.1",
      "resolved": "https://registry.npmjs.org/nan/-/nan-2.14.1.tgz",
      "integrity": "sha512-isWHgVjnFjh2x2yuJ/tj3JbwoHu3UC2dX5G/88Cm24yB6YopVgxvBObDY7n5xW6ExmFhJpSEQqFPvq9zaXc8Jw==",
      "dev": true
    },
    "next-tick": {
      "version": "1.0.0",
      "resolved": "https://registry.npmjs.org/next-tick/-/next-tick-1.0.0.tgz",
      "integrity": "sha1-yobR/ogoFpsBICCOPchCS524NCw=",
      "dev": true
    },
    "regenerator-runtime": {
      "version": "0.11.1",
      "resolved": "https://registry.npmjs.org/regenerator-runtime/-/regenerator-runtime-0.11.1.tgz",
      "integrity": "sha512-MguG95oij0fC3QV3URf4V2SDYGJhJnJGqvIIgdECeODCT98wSWDAJ94SSuVpYQUoTcGUIL6L4yNB7j1DFFHSBg=="
    },
    "ripemd160": {
      "version": "2.0.1",
      "resolved": "https://registry.npmjs.org/ripemd160/-/ripemd160-2.0.1.tgz",
      "integrity": "sha1-D0WEKVxTo2KK9+bXmsohzlfRxuc=",
      "requires": {
        "hash-base": "^2.0.0",
        "inherits": "^2.0.1"
      }
    },
    "ripple-address-codec": {
      "version": "2.0.1",
      "resolved": "https://registry.npmjs.org/ripple-address-codec/-/ripple-address-codec-2.0.1.tgz",
      "integrity": "sha1-7dvjp5YNLgLFwcdPuan6DS37ZXE=",
      "requires": {
        "hash.js": "^1.0.3",
        "x-address-codec": "^0.7.0"
      }
    },
    "ripple-binary-codec": {
      "version": "0.2.6",
      "resolved": "https://registry.npmjs.org/ripple-binary-codec/-/ripple-binary-codec-0.2.6.tgz",
      "integrity": "sha512-k0efyjpcde7p+rJ9PXW9tJSYsUDdlC9Z9xU7OPM7fJiHVKlR1E7nfu0jqw9vVXtTG3tujqKeEgtcb8yaa7rMXA==",
      "requires": {
        "babel-runtime": "^6.6.1",
        "bn.js": "^5.1.1",
        "create-hash": "^1.1.2",
        "decimal.js": "^10.2.0",
        "inherits": "^2.0.1",
        "lodash": "^4.17.15",
        "ripple-address-codec": "^4.0.0"
      },
      "dependencies": {
        "base-x": {
          "version": "3.0.7",
          "resolved": "https://registry.npmjs.org/base-x/-/base-x-3.0.7.tgz",
          "integrity": "sha512-zAKJGuQPihXW22fkrfOclUUZXM2g92z5GzlSMHxhO6r6Qj+Nm0ccaGNBzDZojzwOMkpjAv4J0fOv1U4go+a4iw==",
          "requires": {
            "safe-buffer": "^5.0.1"
          }
        },
        "bn.js": {
          "version": "5.1.1",
          "resolved": "https://registry.npmjs.org/bn.js/-/bn.js-5.1.1.tgz",
          "integrity": "sha512-IUTD/REb78Z2eodka1QZyyEk66pciRcP6Sroka0aI3tG/iwIdYLrBD62RsubR7vqdt3WyX8p4jxeatzmRSphtA=="
        },
        "ripple-address-codec": {
          "version": "4.1.1",
          "resolved": "https://registry.npmjs.org/ripple-address-codec/-/ripple-address-codec-4.1.1.tgz",
          "integrity": "sha512-mcVD8f7+CH6XaBnLkRcmw4KyHMufa0HTJE3TYeaecwleIQASLYVenjQmVJLgmJQcDUS2Ldh/EltqktmiFMFgkg==",
          "requires": {
            "base-x": "3.0.7",
            "create-hash": "^1.1.2"
          }
        }
      }
    },
    "ripple-hashes": {
      "version": "0.3.4",
      "resolved": "https://registry.npmjs.org/ripple-hashes/-/ripple-hashes-0.3.4.tgz",
      "integrity": "sha512-u2kgg9Yu9D44HWnC9R2lNg+amVLllJkMQmXZEEM2DAMFXigr4+ph1O8LLxLv+k0fbdjAjos4aUyWwcw6cxzYMw==",
      "requires": {
        "bignumber.js": "^4.1.0",
        "create-hash": "^1.1.2",
        "ripple-address-codec": "^3.0.4",
        "ripple-binary-codec": "^0.2.4"
      },
      "dependencies": {
        "base-x": {
          "version": "3.0.4",
          "resolved": "https://registry.npmjs.org/base-x/-/base-x-3.0.4.tgz",
          "integrity": "sha512-UYOadoSIkEI/VrRGSG6qp93rp2WdokiAiNYDfGW5qURAY8GiAQkvMbwNNSDYiVJopqv4gCna7xqf4rrNGp+5AA==",
          "requires": {
            "safe-buffer": "^5.0.1"
          }
        },
        "bn.js": {
          "version": "5.1.1",
          "resolved": "https://registry.npmjs.org/bn.js/-/bn.js-5.1.1.tgz",
          "integrity": "sha512-IUTD/REb78Z2eodka1QZyyEk66pciRcP6Sroka0aI3tG/iwIdYLrBD62RsubR7vqdt3WyX8p4jxeatzmRSphtA=="
        },
        "decimal.js": {
          "version": "10.2.0",
          "resolved": "https://registry.npmjs.org/decimal.js/-/decimal.js-10.2.0.tgz",
          "integrity": "sha512-vDPw+rDgn3bZe1+F/pyEwb1oMG2XTlRVgAa6B4KccTEpYgF8w6eQllVbQcfIJnZyvzFtFpxnpGtx8dd7DJp/Rw=="
        },
        "lodash": {
          "version": "4.17.15",
          "resolved": "https://registry.npmjs.org/lodash/-/lodash-4.17.15.tgz",
          "integrity": "sha512-8xOcRHvCjnocdS5cpwXQXVzmmh5e5+saE2QGoeQmbKmRS6J3VQppPOIt0MnmE+4xlZoumy0GPG0D0MVIQbNA1A=="
        },
        "ripple-address-codec": {
          "version": "3.0.4",
          "resolved": "https://registry.npmjs.org/ripple-address-codec/-/ripple-address-codec-3.0.4.tgz",
          "integrity": "sha512-GFk1BgavW+9oy5Z1Cp6YAGMfB51QdbeuhOo0Zir+s+S40F5vHtVZYu6zZE1eOAX92A5kygPuBRX4APH2v8Yhmg==",
          "requires": {
            "base-x": "3.0.4",
            "create-hash": "^1.1.2"
          }
        },
        "ripple-binary-codec": {
          "version": "0.2.6",
          "resolved": "https://registry.npmjs.org/ripple-binary-codec/-/ripple-binary-codec-0.2.6.tgz",
          "integrity": "sha512-k0efyjpcde7p+rJ9PXW9tJSYsUDdlC9Z9xU7OPM7fJiHVKlR1E7nfu0jqw9vVXtTG3tujqKeEgtcb8yaa7rMXA==",
          "requires": {
            "babel-runtime": "^6.6.1",
            "bn.js": "^5.1.1",
            "create-hash": "^1.1.2",
            "decimal.js": "^10.2.0",
            "inherits": "^2.0.1",
            "lodash": "^4.17.15",
            "ripple-address-codec": "^4.0.0"
          },
          "dependencies": {
            "base-x": {
              "version": "3.0.7",
              "resolved": "https://registry.npmjs.org/base-x/-/base-x-3.0.7.tgz",
              "integrity": "sha512-zAKJGuQPihXW22fkrfOclUUZXM2g92z5GzlSMHxhO6r6Qj+Nm0ccaGNBzDZojzwOMkpjAv4J0fOv1U4go+a4iw==",
              "requires": {
                "safe-buffer": "^5.0.1"
              }
            },
            "ripple-address-codec": {
              "version": "4.1.1",
              "resolved": "https://registry.npmjs.org/ripple-address-codec/-/ripple-address-codec-4.1.1.tgz",
              "integrity": "sha512-mcVD8f7+CH6XaBnLkRcmw4KyHMufa0HTJE3TYeaecwleIQASLYVenjQmVJLgmJQcDUS2Ldh/EltqktmiFMFgkg==",
              "requires": {
                "base-x": "3.0.7",
                "create-hash": "^1.1.2"
              }
            }
          }
        }
      }
    },
    "ripple-keypairs": {
      "version": "0.10.2",
      "resolved": "https://registry.npmjs.org/ripple-keypairs/-/ripple-keypairs-0.10.2.tgz",
      "integrity": "sha512-NvY+jCrhtpy7ox2unZTIfOfSrUWqVTq+tfCTqgDD8XZ957JGwHBlL5osYAypkTWed/JglH5hggxw14NTKEZzGA==",
      "requires": {
        "babel-runtime": "^5.8.20",
        "bn.js": "^3.1.1",
        "brorand": "^1.0.5",
        "elliptic": "^5.1.0",
        "hash.js": "^1.0.3",
        "ripple-address-codec": "^2.0.1"
      },
      "dependencies": {
        "babel-runtime": {
          "version": "5.8.38",
          "resolved": "https://registry.npmjs.org/babel-runtime/-/babel-runtime-5.8.38.tgz",
          "integrity": "sha1-HAsC62MxL18If/IEUIJ7QlydTBk=",
          "requires": {
            "core-js": "^1.0.0"
          }
        },
        "bn.js": {
          "version": "3.3.0",
          "resolved": "https://registry.npmjs.org/bn.js/-/bn.js-3.3.0.tgz",
          "integrity": "sha1-ETjld4if3Je72rUYRPIZDfwK49c="
        },
        "core-js": {
          "version": "1.2.7",
          "resolved": "https://registry.npmjs.org/core-js/-/core-js-1.2.7.tgz",
          "integrity": "sha1-ZSKUwUZR2yj6k70tX/KYOk8IxjY="
        },
        "elliptic": {
          "version": "5.2.1",
          "resolved": "https://registry.npmjs.org/elliptic/-/elliptic-5.2.1.tgz",
          "integrity": "sha1-+ilLZWPG3bybo9yFlGh66ECFjxA=",
          "requires": {
            "bn.js": "^3.1.1",
            "brorand": "^1.0.1",
            "hash.js": "^1.0.0",
            "inherits": "^2.0.1"
          }
        }
      }
    },
    "ripple-lib": {
      "version": "1.7.0",
      "resolved": "https://registry.npmjs.org/ripple-lib/-/ripple-lib-1.7.0.tgz",
      "integrity": "sha512-Mv5tj742civmPEnS849zZM+89BbAjGB7rPQg2ycYCLJaiqZmGrzwjwdPodi6qJ8+O3qqXSx7qK3xIz4Ca9Wkuw==",
      "requires": {
        "@types/lodash": "^4.14.136",
        "@types/ws": "^7.2.0",
        "bignumber.js": "^9.0.0",
        "https-proxy-agent": "^5.0.0",
        "jsonschema": "1.2.2",
        "lodash": "^4.17.4",
        "lodash.isequal": "^4.5.0",
        "ripple-address-codec": "^4.1.1",
        "ripple-binary-codec": "^0.2.5",
        "ripple-keypairs": "^1.0.0",
        "ripple-lib-transactionparser": "0.8.2",
        "ws": "^7.2.0"
      },
      "dependencies": {
        "base-x": {
          "version": "3.0.7",
          "resolved": "https://registry.npmjs.org/base-x/-/base-x-3.0.7.tgz",
          "integrity": "sha512-zAKJGuQPihXW22fkrfOclUUZXM2g92z5GzlSMHxhO6r6Qj+Nm0ccaGNBzDZojzwOMkpjAv4J0fOv1U4go+a4iw==",
          "requires": {
            "safe-buffer": "^5.0.1"
          }
        },
        "bignumber.js": {
          "version": "9.0.0",
          "resolved": "https://registry.npmjs.org/bignumber.js/-/bignumber.js-9.0.0.tgz",
          "integrity": "sha512-t/OYhhJ2SD+YGBQcjY8GzzDHEk9f3nerxjtfa6tlMXfe7frs/WozhvCNoGvpM0P3bNf3Gq5ZRMlGr5f3r4/N8A=="
        },
        "bn.js": {
          "version": "5.1.1",
          "resolved": "https://registry.npmjs.org/bn.js/-/bn.js-5.1.1.tgz",
          "integrity": "sha512-IUTD/REb78Z2eodka1QZyyEk66pciRcP6Sroka0aI3tG/iwIdYLrBD62RsubR7vqdt3WyX8p4jxeatzmRSphtA=="
        },
        "decimal.js": {
          "version": "10.2.0",
          "resolved": "https://registry.npmjs.org/decimal.js/-/decimal.js-10.2.0.tgz",
          "integrity": "sha512-vDPw+rDgn3bZe1+F/pyEwb1oMG2XTlRVgAa6B4KccTEpYgF8w6eQllVbQcfIJnZyvzFtFpxnpGtx8dd7DJp/Rw=="
        },
        "ripple-address-codec": {
          "version": "4.1.1",
          "resolved": "https://registry.npmjs.org/ripple-address-codec/-/ripple-address-codec-4.1.1.tgz",
          "integrity": "sha512-mcVD8f7+CH6XaBnLkRcmw4KyHMufa0HTJE3TYeaecwleIQASLYVenjQmVJLgmJQcDUS2Ldh/EltqktmiFMFgkg==",
          "requires": {
            "base-x": "3.0.7",
            "create-hash": "^1.1.2"
          }
        },
        "ripple-binary-codec": {
          "version": "0.2.6",
          "resolved": "https://registry.npmjs.org/ripple-binary-codec/-/ripple-binary-codec-0.2.6.tgz",
          "integrity": "sha512-k0efyjpcde7p+rJ9PXW9tJSYsUDdlC9Z9xU7OPM7fJiHVKlR1E7nfu0jqw9vVXtTG3tujqKeEgtcb8yaa7rMXA==",
          "requires": {
            "babel-runtime": "^6.6.1",
            "bn.js": "^5.1.1",
            "create-hash": "^1.1.2",
            "decimal.js": "^10.2.0",
            "inherits": "^2.0.1",
            "lodash": "^4.17.15",
            "ripple-address-codec": "^4.0.0"
          },
          "dependencies": {
            "lodash": {
              "version": "4.17.15",
              "resolved": "https://registry.npmjs.org/lodash/-/lodash-4.17.15.tgz",
              "integrity": "sha512-8xOcRHvCjnocdS5cpwXQXVzmmh5e5+saE2QGoeQmbKmRS6J3VQppPOIt0MnmE+4xlZoumy0GPG0D0MVIQbNA1A=="
            }
          }
        },
        "ripple-keypairs": {
          "version": "1.0.0",
          "resolved": "https://registry.npmjs.org/ripple-keypairs/-/ripple-keypairs-1.0.0.tgz",
          "integrity": "sha512-MQ3d6fU3D+Cqu5ma4dfkfa+KakN2sKpVVVN0FeJyAYPVIGXu8Rcvd1g028TdwYAZcSYk0tGn5UhHxd0gUG3T8g==",
          "requires": {
            "bn.js": "^5.1.1",
            "brorand": "^1.0.5",
            "elliptic": "^6.5.2",
            "hash.js": "^1.0.3",
            "ripple-address-codec": "^4.0.0"
          }
        }
      }
    },
    "ripple-lib-transactionparser": {
      "version": "0.8.2",
      "resolved": "https://registry.npmjs.org/ripple-lib-transactionparser/-/ripple-lib-transactionparser-0.8.2.tgz",
      "integrity": "sha512-1teosQLjYHLyOQrKUQfYyMjDR3MAq/Ga+MJuLUfpBMypl4LZB4bEoMcmG99/+WVTEiZOezJmH9iCSvm/MyxD+g==",
      "requires": {
        "bignumber.js": "^9.0.0",
        "lodash": "^4.17.15"
      },
      "dependencies": {
        "bignumber.js": {
          "version": "9.0.0",
          "resolved": "https://registry.npmjs.org/bignumber.js/-/bignumber.js-9.0.0.tgz",
          "integrity": "sha512-t/OYhhJ2SD+YGBQcjY8GzzDHEk9f3nerxjtfa6tlMXfe7frs/WozhvCNoGvpM0P3bNf3Gq5ZRMlGr5f3r4/N8A=="
        },
        "lodash": {
          "version": "4.17.15",
          "resolved": "https://registry.npmjs.org/lodash/-/lodash-4.17.15.tgz",
          "integrity": "sha512-8xOcRHvCjnocdS5cpwXQXVzmmh5e5+saE2QGoeQmbKmRS6J3VQppPOIt0MnmE+4xlZoumy0GPG0D0MVIQbNA1A=="
        }
      }
    },
    "rippled-ws-client": {
      "version": "0.0.1",
      "resolved": "https://registry.npmjs.org/rippled-ws-client/-/rippled-ws-client-0.0.1.tgz",
      "integrity": "sha512-pxdRi3s0PIbOaYFkYonMHLuOWmEhR6uJNPdQzLgClerg+IH3yDXtbCI2POW2pX2vDcACz7Ufc/q9iy7NEDRO/Q==",
      "dev": true
    },
    "safe-buffer": {
      "version": "5.1.1",
      "resolved": "https://registry.npmjs.org/safe-buffer/-/safe-buffer-5.1.1.tgz",
      "integrity": "sha512-kKvNJn6Mm93gAczWVJg7wH+wGYWNrDHdWvpUmHyEsgCtIwwo3bqPtV4tR5tuPaUhTOo/kvhVwd8XwwOllGYkbg=="
    },
    "sha.js": {
      "version": "2.4.10",
      "resolved": "https://registry.npmjs.org/sha.js/-/sha.js-2.4.10.tgz",
      "integrity": "sha512-vnwmrFDlOExK4Nm16J2KMWHLrp14lBrjxMxBJpu++EnsuBmpiYaM/MEs46Vxxm/4FvdP5yTwuCTO9it5FSjrqA==",
      "requires": {
        "inherits": "^2.0.1",
        "safe-buffer": "^5.0.1"
      }
    },
    "type": {
      "version": "1.2.0",
      "resolved": "https://registry.npmjs.org/type/-/type-1.2.0.tgz",
      "integrity": "sha512-+5nt5AAniqsCnu2cEQQdpzCAh33kVx8n0VoFidKpB1dVVLAN/F+bgVOqOJqOnEnrhp222clB5p3vUlD+1QAnfg==",
      "dev": true
    },
    "typedarray-to-buffer": {
      "version": "3.1.5",
      "resolved": "https://registry.npmjs.org/typedarray-to-buffer/-/typedarray-to-buffer-3.1.5.tgz",
      "integrity": "sha512-zdu8XMNEDepKKR+XYOXAVPtWui0ly0NtohUscw+UmaHiAWT8hrV1rr//H6V+0DvJ3OQ19S979M0laLfX8rm82Q==",
      "dev": true,
      "requires": {
        "is-typedarray": "^1.0.0"
      }
    },
    "websocket": {
      "version": "1.0.31",
      "resolved": "https://registry.npmjs.org/websocket/-/websocket-1.0.31.tgz",
      "integrity": "sha512-VAouplvGKPiKFDTeCCO65vYHsyay8DqoBSlzIO3fayrfOgU94lQN5a1uWVnFrMLceTJw/+fQXR5PGbUVRaHshQ==",
      "dev": true,
      "requires": {
        "debug": "^2.2.0",
        "es5-ext": "^0.10.50",
        "nan": "^2.14.0",
        "typedarray-to-buffer": "^3.1.5",
        "yaeti": "^0.0.6"
      },
      "dependencies": {
        "debug": {
          "version": "2.6.9",
          "resolved": "https://registry.npmjs.org/debug/-/debug-2.6.9.tgz",
          "integrity": "sha512-bC7ElrdJaJnPbAP+1EotYvqZsb3ecl5wi6Bfi6BJTUcNowp6cvspg0jXznRTKDjm/E7AdgFBVeAPVMNcKGsHMA==",
          "dev": true,
          "requires": {
            "ms": "2.0.0"
          }
        },
        "ms": {
          "version": "2.0.0",
          "resolved": "https://registry.npmjs.org/ms/-/ms-2.0.0.tgz",
          "integrity": "sha1-VgiurfwAvmwpAd9fmGF4jeDVl8g=",
          "dev": true
        }
      }
    },
    "ws": {
      "version": "7.2.5",
      "resolved": "https://registry.npmjs.org/ws/-/ws-7.2.5.tgz",
      "integrity": "sha512-C34cIU4+DB2vMyAbmEKossWq2ZQDr6QEyuuCzWrM9zfw1sGc0mYiJ0UnG9zzNykt49C2Fi34hvr2vssFQRS6EA=="
    },
    "x-address-codec": {
      "version": "0.7.2",
      "resolved": "https://registry.npmjs.org/x-address-codec/-/x-address-codec-0.7.2.tgz",
      "integrity": "sha1-Ki97sAJ4UgvRNzOnlZoFRD1oAuA=",
      "requires": {
        "base-x": "^1.0.1"
      }
    },
    "yaeti": {
      "version": "0.0.6",
      "resolved": "https://registry.npmjs.org/yaeti/-/yaeti-0.0.6.tgz",
      "integrity": "sha1-8m9ITXJoTPQr7ft2lwqhYI+/lXc=",
      "dev": true
    }
  }
}
