{
  "name": "rippled-ws-client-sign",
  "version": "0.1.2",
  "lockfileVersion": 1,
  "requires": true,
  "dependencies": {
    "babel-runtime": {
      "version": "6.26.0",
      "resolved": "https://registry.npmjs.org/babel-runtime/-/babel-runtime-6.26.0.tgz",
      "integrity": "sha1-llxwWGaOgrVde/4E/yM3vItWR/4=",
      "requires": {
        "core-js": "2.5.3",
        "regenerator-runtime": "0.11.1"
      }
    },
    "base-x": {
      "version": "1.1.0",
      "resolved": "https://registry.npmjs.org/base-x/-/base-x-1.1.0.tgz",
      "integrity": "sha1-QtPXF0dPnqAiB/bRqh9CaRPut6w="
    },
    "bignumber.js": {
      "version": "4.1.0",
      "resolved": "https://registry.npmjs.org/bignumber.js/-/bignumber.js-4.1.0.tgz",
      "integrity": "sha512-eJzYkFYy9L4JzXsbymsFn3p54D+llV27oTQ+ziJG7WFRheJcNZilgVXMG0LoZtlQSKBsJdWtLFqOD0u+U0jZKA=="
    },
    "bn.js": {
      "version": "4.11.8",
      "resolved": "https://registry.npmjs.org/bn.js/-/bn.js-4.11.8.tgz",
      "integrity": "sha512-ItfYfPLkWHUjckQCk8xC+LwxgK8NYcXywGigJgSwOP8Y2iyWT4f2vsZnoOXTTbo+o5yXmIUJ4gn5538SO5S3gA=="
    },
    "brorand": {
      "version": "1.1.0",
      "resolved": "https://registry.npmjs.org/brorand/-/brorand-1.1.0.tgz",
      "integrity": "sha1-EsJe/kCkXjwyPrhnWgoM5XsiNx8="
    },
    "cipher-base": {
      "version": "1.0.4",
      "resolved": "https://registry.npmjs.org/cipher-base/-/cipher-base-1.0.4.tgz",
      "integrity": "sha512-Kkht5ye6ZGmwv40uUDZztayT2ThLQGfnj/T71N/XzeZeo3nf8foyW7zGTsPYkEya3m5f3cAypH+qe7YOrM1U2Q==",
      "requires": {
        "inherits": "2.0.3",
        "safe-buffer": "5.1.1"
      }
    },
    "core-js": {
      "version": "2.5.3",
      "resolved": "https://registry.npmjs.org/core-js/-/core-js-2.5.3.tgz",
      "integrity": "sha1-isw4NFgk8W2DZbfJtCWRaOjtYD4="
    },
    "create-hash": {
      "version": "1.1.3",
      "resolved": "https://registry.npmjs.org/create-hash/-/create-hash-1.1.3.tgz",
      "integrity": "sha1-YGBCrIuSYnUPSDyt2rD1gZFy2P0=",
      "requires": {
        "cipher-base": "1.0.4",
        "inherits": "2.0.3",
        "ripemd160": "2.0.1",
        "sha.js": "2.4.10"
      }
    },
    "debug": {
      "version": "2.6.9",
      "resolved": "https://registry.npmjs.org/debug/-/debug-2.6.9.tgz",
      "integrity": "sha512-bC7ElrdJaJnPbAP+1EotYvqZsb3ecl5wi6Bfi6BJTUcNowp6cvspg0jXznRTKDjm/E7AdgFBVeAPVMNcKGsHMA==",
      "dev": true,
      "requires": {
        "ms": "2.0.0"
      }
    },
    "decimal.js": {
      "version": "5.0.8",
      "resolved": "https://registry.npmjs.org/decimal.js/-/decimal.js-5.0.8.tgz",
      "integrity": "sha1-tIw/t9c6LU1JQOCzjxzSHbWzZ84="
    },
    "elliptic": {
      "version": "5.2.1",
      "resolved": "https://registry.npmjs.org/elliptic/-/elliptic-5.2.1.tgz",
      "integrity": "sha1-+ilLZWPG3bybo9yFlGh66ECFjxA=",
      "requires": {
        "bn.js": "3.3.0",
        "brorand": "1.1.0",
        "hash.js": "1.1.3",
        "inherits": "2.0.3"
      },
      "dependencies": {
        "bn.js": {
          "version": "3.3.0",
          "resolved": "https://registry.npmjs.org/bn.js/-/bn.js-3.3.0.tgz",
          "integrity": "sha1-ETjld4if3Je72rUYRPIZDfwK49c="
        }
      }
    },
    "hash-base": {
      "version": "2.0.2",
      "resolved": "https://registry.npmjs.org/hash-base/-/hash-base-2.0.2.tgz",
      "integrity": "sha1-ZuodhW206KVHDK32/OI65SRO8uE=",
      "requires": {
        "inherits": "2.0.3"
      }
    },
    "hash.js": {
      "version": "1.1.3",
      "resolved": "https://registry.npmjs.org/hash.js/-/hash.js-1.1.3.tgz",
      "integrity": "sha512-/UETyP0W22QILqS+6HowevwhEFJ3MBJnwTf75Qob9Wz9t0DPuisL8kW8YZMK62dHAKE1c1p+gY1TtOLY+USEHA==",
      "requires": {
        "inherits": "2.0.3",
        "minimalistic-assert": "1.0.0"
      }
    },
    "inherits": {
      "version": "2.0.3",
      "resolved": "https://registry.npmjs.org/inherits/-/inherits-2.0.3.tgz",
      "integrity": "sha1-Yzwsg+PaQqUC9SRmAiSA9CCCYd4="
    },
    "is-typedarray": {
      "version": "1.0.0",
      "resolved": "https://registry.npmjs.org/is-typedarray/-/is-typedarray-1.0.0.tgz",
      "integrity": "sha1-5HnICFjfDBsR3dppQPlgEfzaSpo=",
      "dev": true
    },
    "lodash": {
      "version": "4.17.5",
      "resolved": "https://registry.npmjs.org/lodash/-/lodash-4.17.5.tgz",
      "integrity": "sha512-svL3uiZf1RwhH+cWrfZn3A4+U58wbP0tGVTLQPbjplZxZ8ROD9VLuNgsRniTlLe7OlSqR79RUehXgpBW/s0IQw=="
    },
    "minimalistic-assert": {
      "version": "1.0.0",
      "resolved": "https://registry.npmjs.org/minimalistic-assert/-/minimalistic-assert-1.0.0.tgz",
      "integrity": "sha1-cCvi3aazf0g2vLP121ZkG2Sh09M="
    },
    "ms": {
      "version": "2.0.0",
      "resolved": "https://registry.npmjs.org/ms/-/ms-2.0.0.tgz",
      "integrity": "sha1-VgiurfwAvmwpAd9fmGF4jeDVl8g=",
      "dev": true
    },
    "nan": {
      "version": "2.9.2",
      "resolved": "https://registry.npmjs.org/nan/-/nan-2.9.2.tgz",
      "integrity": "sha512-ltW65co7f3PQWBDbqVvaU1WtFJUsNW7sWWm4HINhbMQIyVyzIeyZ8toX5TC5eeooE6piZoaEh4cZkueSKG3KYw==",
      "dev": true
    },
    "regenerator-runtime": {
      "version": "0.11.1",
      "resolved": "https://registry.npmjs.org/regenerator-runtime/-/regenerator-runtime-0.11.1.tgz",
      "integrity": "sha512-MguG95oij0fC3QV3URf4V2SDYGJhJnJGqvIIgdECeODCT98wSWDAJ94SSuVpYQUoTcGUIL6L4yNB7j1DFFHSBg=="
    },
    "ripemd160": {
      "version": "2.0.1",
      "resolved": "https://registry.npmjs.org/ripemd160/-/ripemd160-2.0.1.tgz",
      "integrity": "sha1-D0WEKVxTo2KK9+bXmsohzlfRxuc=",
      "requires": {
        "hash-base": "2.0.2",
        "inherits": "2.0.3"
      }
    },
    "ripple-address-codec": {
      "version": "2.0.1",
      "resolved": "https://registry.npmjs.org/ripple-address-codec/-/ripple-address-codec-2.0.1.tgz",
      "integrity": "sha1-7dvjp5YNLgLFwcdPuan6DS37ZXE=",
      "requires": {
        "hash.js": "1.1.3",
        "x-address-codec": "0.7.2"
      }
    },
    "ripple-binary-codec": {
      "version": "0.1.13",
      "resolved": "https://registry.npmjs.org/ripple-binary-codec/-/ripple-binary-codec-0.1.13.tgz",
      "integrity": "sha1-xolRQFoXpxaVVR54mWb/N22lUuQ=",
      "requires": {
        "babel-runtime": "6.26.0",
        "bn.js": "4.11.8",
        "create-hash": "1.1.3",
        "decimal.js": "5.0.8",
        "inherits": "2.0.3",
        "lodash": "4.17.5",
        "ripple-address-codec": "2.0.1"
      }
    },
    "ripple-hashes": {
      "version": "0.3.1",
      "resolved": "https://registry.npmjs.org/ripple-hashes/-/ripple-hashes-0.3.1.tgz",
      "integrity": "sha1-8vRvH/BeZIdQCpmDkBkRTNJIJBE=",
      "requires": {
        "bignumber.js": "4.1.0",
        "create-hash": "1.1.3",
        "ripple-address-codec": "2.0.1",
        "ripple-binary-codec": "0.1.13"
      }
    },
    "ripple-keypairs": {
      "version": "0.10.1",
      "resolved": "https://registry.npmjs.org/ripple-keypairs/-/ripple-keypairs-0.10.1.tgz",
      "integrity": "sha1-73lrUZuyAmglFefN1gY3YmNpQ+Y=",
      "requires": {
        "babel-runtime": "5.8.38",
        "bn.js": "3.3.0",
        "brorand": "1.1.0",
        "elliptic": "5.2.1",
        "hash.js": "1.1.3",
        "ripple-address-codec": "2.0.1"
      },
      "dependencies": {
        "babel-runtime": {
          "version": "5.8.38",
          "resolved": "https://registry.npmjs.org/babel-runtime/-/babel-runtime-5.8.38.tgz",
          "integrity": "sha1-HAsC62MxL18If/IEUIJ7QlydTBk=",
          "requires": {
            "core-js": "1.2.7"
          }
        },
        "bn.js": {
          "version": "3.3.0",
          "resolved": "https://registry.npmjs.org/bn.js/-/bn.js-3.3.0.tgz",
          "integrity": "sha1-ETjld4if3Je72rUYRPIZDfwK49c="
        },
        "core-js": {
          "version": "1.2.7",
          "resolved": "https://registry.npmjs.org/core-js/-/core-js-1.2.7.tgz",
          "integrity": "sha1-ZSKUwUZR2yj6k70tX/KYOk8IxjY="
        }
      }
    },
    "rippled-ws-client": {
      "version": "0.0.1",
      "resolved": "https://registry.npmjs.org/rippled-ws-client/-/rippled-ws-client-0.0.1.tgz",
      "integrity": "sha512-pxdRi3s0PIbOaYFkYonMHLuOWmEhR6uJNPdQzLgClerg+IH3yDXtbCI2POW2pX2vDcACz7Ufc/q9iy7NEDRO/Q==",
      "dev": true
    },
    "safe-buffer": {
      "version": "5.1.1",
      "resolved": "https://registry.npmjs.org/safe-buffer/-/safe-buffer-5.1.1.tgz",
      "integrity": "sha512-kKvNJn6Mm93gAczWVJg7wH+wGYWNrDHdWvpUmHyEsgCtIwwo3bqPtV4tR5tuPaUhTOo/kvhVwd8XwwOllGYkbg=="
    },
    "sha.js": {
      "version": "2.4.10",
      "resolved": "https://registry.npmjs.org/sha.js/-/sha.js-2.4.10.tgz",
      "integrity": "sha512-vnwmrFDlOExK4Nm16J2KMWHLrp14lBrjxMxBJpu++EnsuBmpiYaM/MEs46Vxxm/4FvdP5yTwuCTO9it5FSjrqA==",
      "requires": {
        "inherits": "2.0.3",
        "safe-buffer": "5.1.1"
      }
    },
    "typedarray-to-buffer": {
      "version": "3.1.4",
      "resolved": "https://registry.npmjs.org/typedarray-to-buffer/-/typedarray-to-buffer-3.1.4.tgz",
      "integrity": "sha512-JTZPwvf+dXFWkljvE3oDjTZ6DFg+bbBhB9yA4Xx3JN4Ol9jfMjXuLn/o2gmgt+BJJwJ4MIzrTBz+UbwVMi9vcA==",
      "dev": true,
      "requires": {
        "is-typedarray": "1.0.0"
      }
    },
    "websocket": {
      "version": "1.0.25",
      "resolved": "https://registry.npmjs.org/websocket/-/websocket-1.0.25.tgz",
      "integrity": "sha512-M58njvi6ZxVb5k7kpnHh2BvNKuBWiwIYvsToErBzWhvBZYwlEiLcyLrG41T1jRcrY9ettqPYEqduLI7ul54CVQ==",
      "dev": true,
      "requires": {
        "debug": "2.6.9",
        "nan": "2.9.2",
        "typedarray-to-buffer": "3.1.4",
        "yaeti": "0.0.6"
      }
    },
    "x-address-codec": {
      "version": "0.7.2",
      "resolved": "https://registry.npmjs.org/x-address-codec/-/x-address-codec-0.7.2.tgz",
      "integrity": "sha1-Ki97sAJ4UgvRNzOnlZoFRD1oAuA=",
      "requires": {
        "base-x": "1.1.0"
      }
    },
    "yaeti": {
      "version": "0.0.6",
      "resolved": "https://registry.npmjs.org/yaeti/-/yaeti-0.0.6.tgz",
      "integrity": "sha1-8m9ITXJoTPQr7ft2lwqhYI+/lXc=",
      "dev": true
    }
  }
}
